
Microsoft Visual Studio Solution File, Format Version 12.00
# Visual Studio Version 17
VisualStudioVersion = 17.4.33213.308
MinimumVisualStudioVersion = 10.0.40219.1
Project("{FAE04EC0-301F-11D3-BF4B-00C04F79EFBC}") = "SistemaVentas.Entity", "SistemaVentas.Entity\SistemaVentas.Entity.csproj", "{9280EA56-E689-4B12-AC55-B17F422115FC}"
EndProject
Project("{FAE04EC0-301F-11D3-BF4B-00C04F79EFBC}") = "SistemaVenta.DAL", "SistemaVenta.DAL\SistemaVenta.DAL.csproj", "{73C2C85F-CDF9-4A83-A340-1D6322F3058C}"
EndProject
Project("{FAE04EC0-301F-11D3-BF4B-00C04F79EFBC}") = "Sistema.Venta.BLL", "Sistema.Venta.BILL\Sistema.Venta.BLL.csproj", "{3BEF1DD7-52CE-446E-B9AE-8B7B24178494}"
EndProject
Project("{FAE04EC0-301F-11D3-BF4B-00C04F79EFBC}") = "SistemaVenta.IOC", "SistemaVenta.IOC\SistemaVenta.IOC.csproj", "{2442FBAD-91B1-4BA9-BB3C-45B7165A816B}"
EndProject
Project("{FAE04EC0-301F-11D3-BF4B-00C04F79EFBC}") = "SistemaVenta.AplicacionWeb", "SistemaVenta.AplicacionWeb\SistemaVenta.AplicacionWeb.csproj", "{FF76E82C-3381-43D1-8AC8-D642DAA84E17}"
EndProject
Global
	GlobalSection(SolutionConfigurationPlatforms) = preSolution
		Debug|Any CPU = Debug|Any CPU
		Release|Any CPU = Release|Any CPU
	EndGlobalSection
	GlobalSection(ProjectConfigurationPlatforms) = postSolution
		{9280EA56-E689-4B12-AC55-B17F422115FC}.Debug|Any CPU.ActiveCfg = Debug|Any CPU
		{9280EA56-E689-4B12-AC55-B17F422115FC}.Debug|Any CPU.Build.0 = Debug|Any CPU
		{9280EA56-E689-4B12-AC55-B17F422115FC}.Release|Any CPU.ActiveCfg = Release|Any CPU
		{9280EA56-E689-4B12-AC55-B17F422115FC}.Release|Any CPU.Build.0 = Release|Any CPU
		{73C2C85F-CDF9-4A83-A340-1D6322F3058C}.Debug|Any CPU.ActiveCfg = Debug|Any CPU
		{73C2C85F-CDF9-4A83-A340-1D6322F3058C}.Debug|Any CPU.Build.0 = Debug|Any CPU
		{73C2C85F-CDF9-4A83-A340-1D6322F3058C}.Release|Any CPU.ActiveCfg = Release|Any CPU
		{73C2C85F-CDF9-4A83-A340-1D6322F3058C}.Release|Any CPU.Build.0 = Release|Any CPU
		{3BEF1DD7-52CE-446E-B9AE-8B7B24178494}.Debug|Any CPU.ActiveCfg = Debug|Any CPU
		{3BEF1DD7-52CE-446E-B9AE-8B7B24178494}.Debug|Any CPU.Build.0 = Debug|Any CPU
		{3BEF1DD7-52CE-446E-B9AE-8B7B24178494}.Release|Any CPU.ActiveCfg = Release|Any CPU
		{3BEF1DD7-52CE-446E-B9AE-8B7B24178494}.Release|Any CPU.Build.0 = Release|Any CPU
		{2442FBAD-91B1-4BA9-BB3C-45B7165A816B}.Debug|Any CPU.ActiveCfg = Debug|Any CPU
		{2442FBAD-91B1-4BA9-BB3C-45B7165A816B}.Debug|Any CPU.Build.0 = Debug|Any CPU
		{2442FBAD-91B1-4BA9-BB3C-45B7165A816B}.Release|Any CPU.ActiveCfg = Release|Any CPU
		{2442FBAD-91B1-4BA9-BB3C-45B7165A816B}.Release|Any CPU.Build.0 = Release|Any CPU
		{FF76E82C-3381-43D1-8AC8-D642DAA84E17}.Debug|Any CPU.ActiveCfg = Debug|Any CPU
		{FF76E82C-3381-43D1-8AC8-D642DAA84E17}.Debug|Any CPU.Build.0 = Debug|Any CPU
		{FF76E82C-3381-43D1-8AC8-D642DAA84E17}.Release|Any CPU.ActiveCfg = Release|Any CPU
		{FF76E82C-3381-43D1-8AC8-D642DAA84E17}.Release|Any CPU.Build.0 = Release|Any CPU
	EndGlobalSection
	GlobalSection(SolutionProperties) = preSolution
		HideSolutionNode = FALSE
	EndGlobalSection
	GlobalSection(ExtensibilityGlobals) = postSolution
		SolutionGuid = {5FAEB83A-7CD3-4F65-A410-8E35DCC08F2A}
	EndGlobalSection
EndGlobal
